// !$*UTF8*$!
{
	archiveVersion = 1;
	classes = {
	};
	objectVersion = 50;
	objects = {

/* Begin PBXBuildFile section */
		BF29F9F42288995B0015746A /* UINestedCollectionViewDelegate.swift in Sources */ = {isa = PBXBuildFile; fileRef = BF29F9F32288995B0015746A /* UINestedCollectionViewDelegate.swift */; };
		BF29F9F6228899730015746A /* UINestedCollectionViewDataSource.swift in Sources */ = {isa = PBXBuildFile; fileRef = BF29F9F5228899730015746A /* UINestedCollectionViewDataSource.swift */; };
		BF29F9FB2288A8980015746A /* HomePlaceCellViewModel.swift in Sources */ = {isa = PBXBuildFile; fileRef = BF29F9FA2288A8980015746A /* HomePlaceCellViewModel.swift */; };
		BF29F9FD2288B1DD0015746A /* CALayer+Additions.swift in Sources */ = {isa = PBXBuildFile; fileRef = BF29F9FC2288B1DD0015746A /* CALayer+Additions.swift */; };
		BFBA6BE2228752680054C330 /* UIStoryboard+Identifiers.swift in Sources */ = {isa = PBXBuildFile; fileRef = BFBA6BDB228752670054C330 /* UIStoryboard+Identifiers.swift */; };
		BFBA6BE3228752680054C330 /* UIImage+Additions.swift in Sources */ = {isa = PBXBuildFile; fileRef = BFBA6BDC228752670054C330 /* UIImage+Additions.swift */; };
		BFBA6BE5228752680054C330 /* Array++.swift in Sources */ = {isa = PBXBuildFile; fileRef = BFBA6BDE228752680054C330 /* Array++.swift */; };
		BFBA6BE6228752680054C330 /* UIImageView+Additions.swift in Sources */ = {isa = PBXBuildFile; fileRef = BFBA6BDF228752680054C330 /* UIImageView+Additions.swift */; };
		BFBA6BE7228752680054C330 /* UINavigationBar+Additions.swift in Sources */ = {isa = PBXBuildFile; fileRef = BFBA6BE0228752680054C330 /* UINavigationBar+Additions.swift */; };
		BFBA6BE8228752680054C330 /* URL++.swift in Sources */ = {isa = PBXBuildFile; fileRef = BFBA6BE1228752680054C330 /* URL++.swift */; };
		BFBA6BEB2287531D0054C330 /* Assignment.pdf in Resources */ = {isa = PBXBuildFile; fileRef = BFBA6BEA2287531D0054C330 /* Assignment.pdf */; };
		BFBA6C0B228754360054C330 /* HomeInput.swift in Sources */ = {isa = PBXBuildFile; fileRef = BFBA6C01228754360054C330 /* HomeInput.swift */; };
		BFBA6C0C228754360054C330 /* HomePresenter.swift in Sources */ = {isa = PBXBuildFile; fileRef = BFBA6C02228754360054C330 /* HomePresenter.swift */; };
		BFBA6C0D228754360054C330 /* HomeRouter.swift in Sources */ = {isa = PBXBuildFile; fileRef = BFBA6C03228754360054C330 /* HomeRouter.swift */; };
		BFBA6C0E228754360054C330 /* HomeViewController.swift in Sources */ = {isa = PBXBuildFile; fileRef = BFBA6C04228754360054C330 /* HomeViewController.swift */; };
		BFBA6C0F228754360054C330 /* HomeProtocols.swift in Sources */ = {isa = PBXBuildFile; fileRef = BFBA6C05228754360054C330 /* HomeProtocols.swift */; };
		BFBA6C10228754360054C330 /* HomeBuilder.swift in Sources */ = {isa = PBXBuildFile; fileRef = BFBA6C06228754360054C330 /* HomeBuilder.swift */; };
		BFBA6C11228754360054C330 /* HomeInteractor.swift in Sources */ = {isa = PBXBuildFile; fileRef = BFBA6C07228754360054C330 /* HomeInteractor.swift */; };
		BFBA6C12228754360054C330 /* HomeOutput.swift in Sources */ = {isa = PBXBuildFile; fileRef = BFBA6C08228754360054C330 /* HomeOutput.swift */; };
		BFBA6C13228754360054C330 /* HomeViewModel.swift in Sources */ = {isa = PBXBuildFile; fileRef = BFBA6C09228754360054C330 /* HomeViewModel.swift */; };
		BFBA6C16228754420054C330 /* Home.storyboard in Resources */ = {isa = PBXBuildFile; fileRef = BFBA6C15228754420054C330 /* Home.storyboard */; };
		BFBA6C182287544F0054C330 /* Profile.storyboard in Resources */ = {isa = PBXBuildFile; fileRef = BFBA6C172287544F0054C330 /* Profile.storyboard */; };
		BFBA6C1E228758500054C330 /* UINestedCollectionView.xib in Resources */ = {isa = PBXBuildFile; fileRef = BFBA6C1D228758500054C330 /* UINestedCollectionView.xib */; };
		BFBA6C202287585A0054C330 /* UINestedCollectionView.swift in Sources */ = {isa = PBXBuildFile; fileRef = BFBA6C1F2287585A0054C330 /* UINestedCollectionView.swift */; };
		BFBA6C24228759BF0054C330 /* UINestedCollectionViewRowCell.xib in Resources */ = {isa = PBXBuildFile; fileRef = BFBA6C23228759BF0054C330 /* UINestedCollectionViewRowCell.xib */; };
		BFBA6C26228759CA0054C330 /* UINestedCollectionViewRowCell.swift in Sources */ = {isa = PBXBuildFile; fileRef = BFBA6C25228759CA0054C330 /* UINestedCollectionViewRowCell.swift */; };
		BFBA6C2E22875AE80054C330 /* UINestedCollectionViewColumnCell.xib in Resources */ = {isa = PBXBuildFile; fileRef = BFBA6C2D22875AE80054C330 /* UINestedCollectionViewColumnCell.xib */; };
		BFBA6C3022875AF90054C330 /* UINestedCollectionViewColumnCell.swift in Sources */ = {isa = PBXBuildFile; fileRef = BFBA6C2F22875AF90054C330 /* UINestedCollectionViewColumnCell.swift */; };
		BFBA6C34228767240054C330 /* UIRoundImageView.swift in Sources */ = {isa = PBXBuildFile; fileRef = BFBA6C33228767240054C330 /* UIRoundImageView.swift */; };
		BFBA6C3622876A830054C330 /* UINestedCollectionViewRowCellViewModel.swift in Sources */ = {isa = PBXBuildFile; fileRef = BFBA6C3522876A830054C330 /* UINestedCollectionViewRowCellViewModel.swift */; };
		BFD6D5D122872ABE0020F217 /* ProfileInput.swift in Sources */ = {isa = PBXBuildFile; fileRef = BFD6D5C722872ABE0020F217 /* ProfileInput.swift */; };
		BFD6D5D222872ABE0020F217 /* ProfilePresenter.swift in Sources */ = {isa = PBXBuildFile; fileRef = BFD6D5C822872ABE0020F217 /* ProfilePresenter.swift */; };
		BFD6D5D322872ABE0020F217 /* ProfileRouter.swift in Sources */ = {isa = PBXBuildFile; fileRef = BFD6D5C922872ABE0020F217 /* ProfileRouter.swift */; };
		BFD6D5D422872ABE0020F217 /* ProfileViewController.swift in Sources */ = {isa = PBXBuildFile; fileRef = BFD6D5CA22872ABE0020F217 /* ProfileViewController.swift */; };
		BFD6D5D522872ABE0020F217 /* ProfileProtocols.swift in Sources */ = {isa = PBXBuildFile; fileRef = BFD6D5CB22872ABE0020F217 /* ProfileProtocols.swift */; };
		BFD6D5D622872ABE0020F217 /* ProfileBuilder.swift in Sources */ = {isa = PBXBuildFile; fileRef = BFD6D5CC22872ABE0020F217 /* ProfileBuilder.swift */; };
		BFD6D5D722872ABE0020F217 /* ProfileInteractor.swift in Sources */ = {isa = PBXBuildFile; fileRef = BFD6D5CD22872ABE0020F217 /* ProfileInteractor.swift */; };
		BFD6D5D822872ABE0020F217 /* ProfileOutput.swift in Sources */ = {isa = PBXBuildFile; fileRef = BFD6D5CE22872ABE0020F217 /* ProfileOutput.swift */; };
		BFD6D5D922872ABE0020F217 /* ProfileViewModel.swift in Sources */ = {isa = PBXBuildFile; fileRef = BFD6D5CF22872ABE0020F217 /* ProfileViewModel.swift */; };
		BFD6D5FC22872BDA0020F217 /* NetworkingRequestValidation.swift in Sources */ = {isa = PBXBuildFile; fileRef = BFD6D5F222872BDA0020F217 /* NetworkingRequestValidation.swift */; };
		BFD6D5FD22872BDA0020F217 /* NetworkingRequestHTTPMethod.swift in Sources */ = {isa = PBXBuildFile; fileRef = BFD6D5F322872BDA0020F217 /* NetworkingRequestHTTPMethod.swift */; };
		BFD6D5FE22872BDA0020F217 /* NetworkingRequestBodyEncodingType.swift in Sources */ = {isa = PBXBuildFile; fileRef = BFD6D5F422872BDA0020F217 /* NetworkingRequestBodyEncodingType.swift */; };
		BFD6D5FF22872BDA0020F217 /* NetworkingHelper.swift in Sources */ = {isa = PBXBuildFile; fileRef = BFD6D5F522872BDA0020F217 /* NetworkingHelper.swift */; };
		BFD6D60022872BDA0020F217 /* NetworkingError.swift in Sources */ = {isa = PBXBuildFile; fileRef = BFD6D5F622872BDA0020F217 /* NetworkingError.swift */; };
		BFD6D60122872BDA0020F217 /* NetworkingRequestBody.swift in Sources */ = {isa = PBXBuildFile; fileRef = BFD6D5F722872BDA0020F217 /* NetworkingRequestBody.swift */; };
		BFD6D60222872BDA0020F217 /* NetworkingResponse.swift in Sources */ = {isa = PBXBuildFile; fileRef = BFD6D5F822872BDA0020F217 /* NetworkingResponse.swift */; };
		BFD6D60322872BDA0020F217 /* NetworkingService.swift in Sources */ = {isa = PBXBuildFile; fileRef = BFD6D5F922872BDA0020F217 /* NetworkingService.swift */; };
		BFD6D60422872BDA0020F217 /* Networking.swift in Sources */ = {isa = PBXBuildFile; fileRef = BFD6D5FA22872BDA0020F217 /* Networking.swift */; };
		BFD6D60522872BDA0020F217 /* NetworkingRequest.swift in Sources */ = {isa = PBXBuildFile; fileRef = BFD6D5FB22872BDA0020F217 /* NetworkingRequest.swift */; };
		BFD6D60C22872C170020F217 /* SegueIdentifiable.swift in Sources */ = {isa = PBXBuildFile; fileRef = BFD6D60A22872C170020F217 /* SegueIdentifiable.swift */; };
		BFD6D60D22872C170020F217 /* SegueIdentifiable+UIViewController.swift in Sources */ = {isa = PBXBuildFile; fileRef = BFD6D60B22872C170020F217 /* SegueIdentifiable+UIViewController.swift */; };
		BFD6D61722872C220020F217 /* UIStoryboardSegue+StoryboardIdentifiable.swift in Sources */ = {isa = PBXBuildFile; fileRef = BFD6D60E22872C210020F217 /* UIStoryboardSegue+StoryboardIdentifiable.swift */; };
		BFD6D61822872C220020F217 /* UIViewController+StoryboardIdentifiable.swift in Sources */ = {isa = PBXBuildFile; fileRef = BFD6D60F22872C210020F217 /* UIViewController+StoryboardIdentifiable.swift */; };
		BFD6D61922872C220020F217 /* UIStoryboard+StoryboardIdentifiable.swift in Sources */ = {isa = PBXBuildFile; fileRef = BFD6D61022872C210020F217 /* UIStoryboard+StoryboardIdentifiable.swift */; };
		BFD6D61A22872C220020F217 /* StoryboardIdentifiable+Self.swift in Sources */ = {isa = PBXBuildFile; fileRef = BFD6D61122872C220020F217 /* StoryboardIdentifiable+Self.swift */; };
		BFD6D61B22872C220020F217 /* UITableViewCell+StoryboardIdentifiable.swift in Sources */ = {isa = PBXBuildFile; fileRef = BFD6D61222872C220020F217 /* UITableViewCell+StoryboardIdentifiable.swift */; };
		BFD6D61C22872C220020F217 /* StoryboardIdentifiable.swift in Sources */ = {isa = PBXBuildFile; fileRef = BFD6D61322872C220020F217 /* StoryboardIdentifiable.swift */; };
		BFD6D61D22872C220020F217 /* UICollectionView+StoryboardIdentifiable.swift in Sources */ = {isa = PBXBuildFile; fileRef = BFD6D61422872C220020F217 /* UICollectionView+StoryboardIdentifiable.swift */; };
		BFD6D61E22872C220020F217 /* UICollectionReusableView+StoryboardIdentifiable.swift in Sources */ = {isa = PBXBuildFile; fileRef = BFD6D61522872C220020F217 /* UICollectionReusableView+StoryboardIdentifiable.swift */; };
		BFD6D61F22872C220020F217 /* UITableView+StoryboardIdentifiable.swift in Sources */ = {isa = PBXBuildFile; fileRef = BFD6D61622872C220020F217 /* UITableView+StoryboardIdentifiable.swift */; };
		BFD6D62422872C2C0020F217 /* XIBIdentifiable.swift in Sources */ = {isa = PBXBuildFile; fileRef = BFD6D62022872C2C0020F217 /* XIBIdentifiable.swift */; };
		BFD6D62522872C2C0020F217 /* XIBView+XIBIdentifiable.swift in Sources */ = {isa = PBXBuildFile; fileRef = BFD6D62122872C2C0020F217 /* XIBView+XIBIdentifiable.swift */; };
		BFD6D62622872C2C0020F217 /* XIBView.swift in Sources */ = {isa = PBXBuildFile; fileRef = BFD6D62222872C2C0020F217 /* XIBView.swift */; };
		BFD6D62722872C2C0020F217 /* XIBIdentifiable+Self.swift in Sources */ = {isa = PBXBuildFile; fileRef = BFD6D62322872C2C0020F217 /* XIBIdentifiable+Self.swift */; };
		BFF506852286423B00CA5B0B /* AppDelegate.swift in Sources */ = {isa = PBXBuildFile; fileRef = BFF506842286423B00CA5B0B /* AppDelegate.swift */; };
		BFF5068D2286423B00CA5B0B /* Places.xcdatamodeld in Sources */ = {isa = PBXBuildFile; fileRef = BFF5068B2286423B00CA5B0B /* Places.xcdatamodeld */; };
		BFF5068F2286423C00CA5B0B /* Assets.xcassets in Resources */ = {isa = PBXBuildFile; fileRef = BFF5068E2286423C00CA5B0B /* Assets.xcassets */; };
		BFF506922286423C00CA5B0B /* AppLaunch.storyboard in Resources */ = {isa = PBXBuildFile; fileRef = BFF506902286423C00CA5B0B /* AppLaunch.storyboard */; };
		BFF5069D2286423C00CA5B0B /* PlacesTests.swift in Sources */ = {isa = PBXBuildFile; fileRef = BFF5069C2286423C00CA5B0B /* PlacesTests.swift */; };
		BFF506A82286423C00CA5B0B /* PlacesUITests.swift in Sources */ = {isa = PBXBuildFile; fileRef = BFF506A72286423C00CA5B0B /* PlacesUITests.swift */; };
/* End PBXBuildFile section */

/* Begin PBXContainerItemProxy section */
		BFF506992286423C00CA5B0B /* PBXContainerItemProxy */ = {
			isa = PBXContainerItemProxy;
			containerPortal = BFF506792286423B00CA5B0B /* Project object */;
			proxyType = 1;
			remoteGlobalIDString = BFF506802286423B00CA5B0B;
			remoteInfo = Places;
		};
		BFF506A42286423C00CA5B0B /* PBXContainerItemProxy */ = {
			isa = PBXContainerItemProxy;
			containerPortal = BFF506792286423B00CA5B0B /* Project object */;
			proxyType = 1;
			remoteGlobalIDString = BFF506802286423B00CA5B0B;
			remoteInfo = Places;
		};
/* End PBXContainerItemProxy section */

/* Begin PBXFileReference section */
		BF29F9F32288995B0015746A /* UINestedCollectionViewDelegate.swift */ = {isa = PBXFileReference; lastKnownFileType = sourcecode.swift; path = UINestedCollectionViewDelegate.swift; sourceTree = "<group>"; };
		BF29F9F5228899730015746A /* UINestedCollectionViewDataSource.swift */ = {isa = PBXFileReference; lastKnownFileType = sourcecode.swift; path = UINestedCollectionViewDataSource.swift; sourceTree = "<group>"; };
		BF29F9FA2288A8980015746A /* HomePlaceCellViewModel.swift */ = {isa = PBXFileReference; lastKnownFileType = sourcecode.swift; path = HomePlaceCellViewModel.swift; sourceTree = "<group>"; };
		BF29F9FC2288B1DD0015746A /* CALayer+Additions.swift */ = {isa = PBXFileReference; lastKnownFileType = sourcecode.swift; path = "CALayer+Additions.swift"; sourceTree = "<group>"; };
		BFBA6BDB228752670054C330 /* UIStoryboard+Identifiers.swift */ = {isa = PBXFileReference; fileEncoding = 4; lastKnownFileType = sourcecode.swift; path = "UIStoryboard+Identifiers.swift"; sourceTree = "<group>"; };
		BFBA6BDC228752670054C330 /* UIImage+Additions.swift */ = {isa = PBXFileReference; fileEncoding = 4; lastKnownFileType = sourcecode.swift; path = "UIImage+Additions.swift"; sourceTree = "<group>"; };
		BFBA6BDE228752680054C330 /* Array++.swift */ = {isa = PBXFileReference; fileEncoding = 4; lastKnownFileType = sourcecode.swift; path = "Array++.swift"; sourceTree = "<group>"; };
		BFBA6BDF228752680054C330 /* UIImageView+Additions.swift */ = {isa = PBXFileReference; fileEncoding = 4; lastKnownFileType = sourcecode.swift; path = "UIImageView+Additions.swift"; sourceTree = "<group>"; };
		BFBA6BE0228752680054C330 /* UINavigationBar+Additions.swift */ = {isa = PBXFileReference; fileEncoding = 4; lastKnownFileType = sourcecode.swift; path = "UINavigationBar+Additions.swift"; sourceTree = "<group>"; };
		BFBA6BE1228752680054C330 /* URL++.swift */ = {isa = PBXFileReference; fileEncoding = 4; lastKnownFileType = sourcecode.swift; path = "URL++.swift"; sourceTree = "<group>"; };
		BFBA6BEA2287531D0054C330 /* Assignment.pdf */ = {isa = PBXFileReference; lastKnownFileType = image.pdf; path = Assignment.pdf; sourceTree = "<group>"; };
		BFBA6C01228754360054C330 /* HomeInput.swift */ = {isa = PBXFileReference; lastKnownFileType = sourcecode.swift; path = HomeInput.swift; sourceTree = "<group>"; };
		BFBA6C02228754360054C330 /* HomePresenter.swift */ = {isa = PBXFileReference; lastKnownFileType = sourcecode.swift; path = HomePresenter.swift; sourceTree = "<group>"; };
		BFBA6C03228754360054C330 /* HomeRouter.swift */ = {isa = PBXFileReference; lastKnownFileType = sourcecode.swift; path = HomeRouter.swift; sourceTree = "<group>"; };
		BFBA6C04228754360054C330 /* HomeViewController.swift */ = {isa = PBXFileReference; lastKnownFileType = sourcecode.swift; path = HomeViewController.swift; sourceTree = "<group>"; };
		BFBA6C05228754360054C330 /* HomeProtocols.swift */ = {isa = PBXFileReference; lastKnownFileType = sourcecode.swift; path = HomeProtocols.swift; sourceTree = "<group>"; };
		BFBA6C06228754360054C330 /* HomeBuilder.swift */ = {isa = PBXFileReference; lastKnownFileType = sourcecode.swift; path = HomeBuilder.swift; sourceTree = "<group>"; };
		BFBA6C07228754360054C330 /* HomeInteractor.swift */ = {isa = PBXFileReference; lastKnownFileType = sourcecode.swift; path = HomeInteractor.swift; sourceTree = "<group>"; };
		BFBA6C08228754360054C330 /* HomeOutput.swift */ = {isa = PBXFileReference; lastKnownFileType = sourcecode.swift; path = HomeOutput.swift; sourceTree = "<group>"; };
		BFBA6C09228754360054C330 /* HomeViewModel.swift */ = {isa = PBXFileReference; lastKnownFileType = sourcecode.swift; path = HomeViewModel.swift; sourceTree = "<group>"; };
		BFBA6C15228754420054C330 /* Home.storyboard */ = {isa = PBXFileReference; lastKnownFileType = file.storyboard; path = Home.storyboard; sourceTree = "<group>"; };
		BFBA6C172287544F0054C330 /* Profile.storyboard */ = {isa = PBXFileReference; lastKnownFileType = file.storyboard; path = Profile.storyboard; sourceTree = "<group>"; };
		BFBA6C1D228758500054C330 /* UINestedCollectionView.xib */ = {isa = PBXFileReference; lastKnownFileType = file.xib; path = UINestedCollectionView.xib; sourceTree = "<group>"; };
		BFBA6C1F2287585A0054C330 /* UINestedCollectionView.swift */ = {isa = PBXFileReference; lastKnownFileType = sourcecode.swift; path = UINestedCollectionView.swift; sourceTree = "<group>"; };
		BFBA6C23228759BF0054C330 /* UINestedCollectionViewRowCell.xib */ = {isa = PBXFileReference; lastKnownFileType = file.xib; path = UINestedCollectionViewRowCell.xib; sourceTree = "<group>"; };
		BFBA6C25228759CA0054C330 /* UINestedCollectionViewRowCell.swift */ = {isa = PBXFileReference; lastKnownFileType = sourcecode.swift; path = UINestedCollectionViewRowCell.swift; sourceTree = "<group>"; };
		BFBA6C2D22875AE80054C330 /* UINestedCollectionViewColumnCell.xib */ = {isa = PBXFileReference; lastKnownFileType = file.xib; path = UINestedCollectionViewColumnCell.xib; sourceTree = "<group>"; };
		BFBA6C2F22875AF90054C330 /* UINestedCollectionViewColumnCell.swift */ = {isa = PBXFileReference; lastKnownFileType = sourcecode.swift; path = UINestedCollectionViewColumnCell.swift; sourceTree = "<group>"; };
		BFBA6C33228767240054C330 /* UIRoundImageView.swift */ = {isa = PBXFileReference; fileEncoding = 4; lastKnownFileType = sourcecode.swift; path = UIRoundImageView.swift; sourceTree = "<group>"; };
		BFBA6C3522876A830054C330 /* UINestedCollectionViewRowCellViewModel.swift */ = {isa = PBXFileReference; lastKnownFileType = sourcecode.swift; path = UINestedCollectionViewRowCellViewModel.swift; sourceTree = "<group>"; };
		BFD6D5C722872ABE0020F217 /* ProfileInput.swift */ = {isa = PBXFileReference; lastKnownFileType = sourcecode.swift; path = ProfileInput.swift; sourceTree = "<group>"; };
		BFD6D5C822872ABE0020F217 /* ProfilePresenter.swift */ = {isa = PBXFileReference; lastKnownFileType = sourcecode.swift; path = ProfilePresenter.swift; sourceTree = "<group>"; };
		BFD6D5C922872ABE0020F217 /* ProfileRouter.swift */ = {isa = PBXFileReference; lastKnownFileType = sourcecode.swift; path = ProfileRouter.swift; sourceTree = "<group>"; };
		BFD6D5CA22872ABE0020F217 /* ProfileViewController.swift */ = {isa = PBXFileReference; lastKnownFileType = sourcecode.swift; path = ProfileViewController.swift; sourceTree = "<group>"; };
		BFD6D5CB22872ABE0020F217 /* ProfileProtocols.swift */ = {isa = PBXFileReference; lastKnownFileType = sourcecode.swift; path = ProfileProtocols.swift; sourceTree = "<group>"; };
		BFD6D5CC22872ABE0020F217 /* ProfileBuilder.swift */ = {isa = PBXFileReference; lastKnownFileType = sourcecode.swift; path = ProfileBuilder.swift; sourceTree = "<group>"; };
		BFD6D5CD22872ABE0020F217 /* ProfileInteractor.swift */ = {isa = PBXFileReference; lastKnownFileType = sourcecode.swift; path = ProfileInteractor.swift; sourceTree = "<group>"; };
		BFD6D5CE22872ABE0020F217 /* ProfileOutput.swift */ = {isa = PBXFileReference; lastKnownFileType = sourcecode.swift; path = ProfileOutput.swift; sourceTree = "<group>"; };
		BFD6D5CF22872ABE0020F217 /* ProfileViewModel.swift */ = {isa = PBXFileReference; lastKnownFileType = sourcecode.swift; path = ProfileViewModel.swift; sourceTree = "<group>"; };
		BFD6D5F222872BDA0020F217 /* NetworkingRequestValidation.swift */ = {isa = PBXFileReference; fileEncoding = 4; lastKnownFileType = sourcecode.swift; path = NetworkingRequestValidation.swift; sourceTree = "<group>"; };
		BFD6D5F322872BDA0020F217 /* NetworkingRequestHTTPMethod.swift */ = {isa = PBXFileReference; fileEncoding = 4; lastKnownFileType = sourcecode.swift; path = NetworkingRequestHTTPMethod.swift; sourceTree = "<group>"; };
		BFD6D5F422872BDA0020F217 /* NetworkingRequestBodyEncodingType.swift */ = {isa = PBXFileReference; fileEncoding = 4; lastKnownFileType = sourcecode.swift; path = NetworkingRequestBodyEncodingType.swift; sourceTree = "<group>"; };
		BFD6D5F522872BDA0020F217 /* NetworkingHelper.swift */ = {isa = PBXFileReference; fileEncoding = 4; lastKnownFileType = sourcecode.swift; path = NetworkingHelper.swift; sourceTree = "<group>"; };
		BFD6D5F622872BDA0020F217 /* NetworkingError.swift */ = {isa = PBXFileReference; fileEncoding = 4; lastKnownFileType = sourcecode.swift; path = NetworkingError.swift; sourceTree = "<group>"; };
		BFD6D5F722872BDA0020F217 /* NetworkingRequestBody.swift */ = {isa = PBXFileReference; fileEncoding = 4; lastKnownFileType = sourcecode.swift; path = NetworkingRequestBody.swift; sourceTree = "<group>"; };
		BFD6D5F822872BDA0020F217 /* NetworkingResponse.swift */ = {isa = PBXFileReference; fileEncoding = 4; lastKnownFileType = sourcecode.swift; path = NetworkingResponse.swift; sourceTree = "<group>"; };
		BFD6D5F922872BDA0020F217 /* NetworkingService.swift */ = {isa = PBXFileReference; fileEncoding = 4; lastKnownFileType = sourcecode.swift; path = NetworkingService.swift; sourceTree = "<group>"; };
		BFD6D5FA22872BDA0020F217 /* Networking.swift */ = {isa = PBXFileReference; fileEncoding = 4; lastKnownFileType = sourcecode.swift; path = Networking.swift; sourceTree = "<group>"; };
		BFD6D5FB22872BDA0020F217 /* NetworkingRequest.swift */ = {isa = PBXFileReference; fileEncoding = 4; lastKnownFileType = sourcecode.swift; path = NetworkingRequest.swift; sourceTree = "<group>"; };
		BFD6D60A22872C170020F217 /* SegueIdentifiable.swift */ = {isa = PBXFileReference; fileEncoding = 4; lastKnownFileType = sourcecode.swift; path = SegueIdentifiable.swift; sourceTree = "<group>"; };
		BFD6D60B22872C170020F217 /* SegueIdentifiable+UIViewController.swift */ = {isa = PBXFileReference; fileEncoding = 4; lastKnownFileType = sourcecode.swift; path = "SegueIdentifiable+UIViewController.swift"; sourceTree = "<group>"; };
		BFD6D60E22872C210020F217 /* UIStoryboardSegue+StoryboardIdentifiable.swift */ = {isa = PBXFileReference; fileEncoding = 4; lastKnownFileType = sourcecode.swift; path = "UIStoryboardSegue+StoryboardIdentifiable.swift"; sourceTree = "<group>"; };
		BFD6D60F22872C210020F217 /* UIViewController+StoryboardIdentifiable.swift */ = {isa = PBXFileReference; fileEncoding = 4; lastKnownFileType = sourcecode.swift; path = "UIViewController+StoryboardIdentifiable.swift"; sourceTree = "<group>"; };
		BFD6D61022872C210020F217 /* UIStoryboard+StoryboardIdentifiable.swift */ = {isa = PBXFileReference; fileEncoding = 4; lastKnownFileType = sourcecode.swift; path = "UIStoryboard+StoryboardIdentifiable.swift"; sourceTree = "<group>"; };
		BFD6D61122872C220020F217 /* StoryboardIdentifiable+Self.swift */ = {isa = PBXFileReference; fileEncoding = 4; lastKnownFileType = sourcecode.swift; path = "StoryboardIdentifiable+Self.swift"; sourceTree = "<group>"; };
		BFD6D61222872C220020F217 /* UITableViewCell+StoryboardIdentifiable.swift */ = {isa = PBXFileReference; fileEncoding = 4; lastKnownFileType = sourcecode.swift; path = "UITableViewCell+StoryboardIdentifiable.swift"; sourceTree = "<group>"; };
		BFD6D61322872C220020F217 /* StoryboardIdentifiable.swift */ = {isa = PBXFileReference; fileEncoding = 4; lastKnownFileType = sourcecode.swift; path = StoryboardIdentifiable.swift; sourceTree = "<group>"; };
		BFD6D61422872C220020F217 /* UICollectionView+StoryboardIdentifiable.swift */ = {isa = PBXFileReference; fileEncoding = 4; lastKnownFileType = sourcecode.swift; path = "UICollectionView+StoryboardIdentifiable.swift"; sourceTree = "<group>"; };
		BFD6D61522872C220020F217 /* UICollectionReusableView+StoryboardIdentifiable.swift */ = {isa = PBXFileReference; fileEncoding = 4; lastKnownFileType = sourcecode.swift; path = "UICollectionReusableView+StoryboardIdentifiable.swift"; sourceTree = "<group>"; };
		BFD6D61622872C220020F217 /* UITableView+StoryboardIdentifiable.swift */ = {isa = PBXFileReference; fileEncoding = 4; lastKnownFileType = sourcecode.swift; path = "UITableView+StoryboardIdentifiable.swift"; sourceTree = "<group>"; };
		BFD6D62022872C2C0020F217 /* XIBIdentifiable.swift */ = {isa = PBXFileReference; fileEncoding = 4; lastKnownFileType = sourcecode.swift; path = XIBIdentifiable.swift; sourceTree = "<group>"; };
		BFD6D62122872C2C0020F217 /* XIBView+XIBIdentifiable.swift */ = {isa = PBXFileReference; fileEncoding = 4; lastKnownFileType = sourcecode.swift; path = "XIBView+XIBIdentifiable.swift"; sourceTree = "<group>"; };
		BFD6D62222872C2C0020F217 /* XIBView.swift */ = {isa = PBXFileReference; fileEncoding = 4; lastKnownFileType = sourcecode.swift; path = XIBView.swift; sourceTree = "<group>"; };
		BFD6D62322872C2C0020F217 /* XIBIdentifiable+Self.swift */ = {isa = PBXFileReference; fileEncoding = 4; lastKnownFileType = sourcecode.swift; path = "XIBIdentifiable+Self.swift"; sourceTree = "<group>"; };
		BFF506812286423B00CA5B0B /* Places.app */ = {isa = PBXFileReference; explicitFileType = wrapper.application; includeInIndex = 0; path = Places.app; sourceTree = BUILT_PRODUCTS_DIR; };
		BFF506842286423B00CA5B0B /* AppDelegate.swift */ = {isa = PBXFileReference; lastKnownFileType = sourcecode.swift; path = AppDelegate.swift; sourceTree = "<group>"; };
		BFF5068C2286423B00CA5B0B /* Places.xcdatamodel */ = {isa = PBXFileReference; lastKnownFileType = wrapper.xcdatamodel; path = Places.xcdatamodel; sourceTree = "<group>"; };
		BFF5068E2286423C00CA5B0B /* Assets.xcassets */ = {isa = PBXFileReference; lastKnownFileType = folder.assetcatalog; path = Assets.xcassets; sourceTree = "<group>"; };
		BFF506912286423C00CA5B0B /* Base */ = {isa = PBXFileReference; lastKnownFileType = file.storyboard; name = Base; path = Base.lproj/AppLaunch.storyboard; sourceTree = "<group>"; };
		BFF506932286423C00CA5B0B /* Info.plist */ = {isa = PBXFileReference; lastKnownFileType = text.plist.xml; path = Info.plist; sourceTree = "<group>"; };
		BFF506982286423C00CA5B0B /* PlacesTests.xctest */ = {isa = PBXFileReference; explicitFileType = wrapper.cfbundle; includeInIndex = 0; path = PlacesTests.xctest; sourceTree = BUILT_PRODUCTS_DIR; };
		BFF5069C2286423C00CA5B0B /* PlacesTests.swift */ = {isa = PBXFileReference; lastKnownFileType = sourcecode.swift; path = PlacesTests.swift; sourceTree = "<group>"; };
		BFF5069E2286423C00CA5B0B /* Info.plist */ = {isa = PBXFileReference; lastKnownFileType = text.plist.xml; path = Info.plist; sourceTree = "<group>"; };
		BFF506A32286423C00CA5B0B /* PlacesUITests.xctest */ = {isa = PBXFileReference; explicitFileType = wrapper.cfbundle; includeInIndex = 0; path = PlacesUITests.xctest; sourceTree = BUILT_PRODUCTS_DIR; };
		BFF506A72286423C00CA5B0B /* PlacesUITests.swift */ = {isa = PBXFileReference; lastKnownFileType = sourcecode.swift; path = PlacesUITests.swift; sourceTree = "<group>"; };
		BFF506A92286423C00CA5B0B /* Info.plist */ = {isa = PBXFileReference; lastKnownFileType = text.plist.xml; path = Info.plist; sourceTree = "<group>"; };
/* End PBXFileReference section */

/* Begin PBXFrameworksBuildPhase section */
		BFF5067E2286423B00CA5B0B /* Frameworks */ = {
			isa = PBXFrameworksBuildPhase;
			buildActionMask = 2147483647;
			files = (
			);
			runOnlyForDeploymentPostprocessing = 0;
		};
		BFF506952286423C00CA5B0B /* Frameworks */ = {
			isa = PBXFrameworksBuildPhase;
			buildActionMask = 2147483647;
			files = (
			);
			runOnlyForDeploymentPostprocessing = 0;
		};
		BFF506A02286423C00CA5B0B /* Frameworks */ = {
			isa = PBXFrameworksBuildPhase;
			buildActionMask = 2147483647;
			files = (
			);
			runOnlyForDeploymentPostprocessing = 0;
		};
/* End PBXFrameworksBuildPhase section */

/* Begin PBXGroup section */
		BF29F9F72288A2E70015746A /* Protocols */ = {
			isa = PBXGroup;
			children = (
				BFBA6C3522876A830054C330 /* UINestedCollectionViewRowCellViewModel.swift */,
				BF29F9F32288995B0015746A /* UINestedCollectionViewDelegate.swift */,
				BF29F9F5228899730015746A /* UINestedCollectionViewDataSource.swift */,
			);
			path = Protocols;
			sourceTree = "<group>";
		};
		BF29F9F82288A2ED0015746A /* Interfaces */ = {
			isa = PBXGroup;
			children = (
				BFBA6C1D228758500054C330 /* UINestedCollectionView.xib */,
				BFBA6C2D22875AE80054C330 /* UINestedCollectionViewColumnCell.xib */,
				BFBA6C23228759BF0054C330 /* UINestedCollectionViewRowCell.xib */,
			);
			path = Interfaces;
			sourceTree = "<group>";
		};
		BF29F9F92288A2F40015746A /* Classes */ = {
			isa = PBXGroup;
			children = (
				BFBA6C1F2287585A0054C330 /* UINestedCollectionView.swift */,
				BFBA6C2F22875AF90054C330 /* UINestedCollectionViewColumnCell.swift */,
				BFBA6C25228759CA0054C330 /* UINestedCollectionViewRowCell.swift */,
			);
			path = Classes;
			sourceTree = "<group>";
		};
		BF599E2022871FAA00B68163 /* App Launch */ = {
			isa = PBXGroup;
			children = (
				BFF506902286423C00CA5B0B /* AppLaunch.storyboard */,
			);
			path = "App Launch";
			sourceTree = "<group>";
		};
		BFBA6BDA2287525B0054C330 /* Extensions */ = {
			isa = PBXGroup;
			children = (
				BFBA6BDE228752680054C330 /* Array++.swift */,
				BF29F9FC2288B1DD0015746A /* CALayer+Additions.swift */,
				BFBA6BE1228752680054C330 /* URL++.swift */,
				BFBA6BDC228752670054C330 /* UIImage+Additions.swift */,
				BFBA6BE0228752680054C330 /* UINavigationBar+Additions.swift */,
				BFBA6BDF228752680054C330 /* UIImageView+Additions.swift */,
				BFBA6BDB228752670054C330 /* UIStoryboard+Identifiers.swift */,
			);
			path = Extensions;
			sourceTree = "<group>";
		};
		BFBA6BE9228753100054C330 /* Documents */ = {
			isa = PBXGroup;
			children = (
				BFBA6BEA2287531D0054C330 /* Assignment.pdf */,
			);
			path = Documents;
			sourceTree = "<group>";
		};
		BFBA6BEC228753E70054C330 /* Home */ = {
			isa = PBXGroup;
			children = (
				BFBA6C05228754360054C330 /* HomeProtocols.swift */,
				BFBA6C04228754360054C330 /* HomeViewController.swift */,
				BFBA6C01228754360054C330 /* HomeInput.swift */,
				BFBA6C02228754360054C330 /* HomePresenter.swift */,
				BFBA6C03228754360054C330 /* HomeRouter.swift */,
				BFBA6C06228754360054C330 /* HomeBuilder.swift */,
				BFBA6C07228754360054C330 /* HomeInteractor.swift */,
				BFBA6C08228754360054C330 /* HomeOutput.swift */,
				BFBA6C09228754360054C330 /* HomeViewModel.swift */,
				BFBA6C15228754420054C330 /* Home.storyboard */,
				BF29F9FA2288A8980015746A /* HomePlaceCellViewModel.swift */,
			);
			path = Home;
			sourceTree = "<group>";
		};
		BFBA6C19228757960054C330 /* Components */ = {
			isa = PBXGroup;
			children = (
				BFBA6C1A2287579D0054C330 /* UI */,
			);
			path = Components;
			sourceTree = "<group>";
		};
		BFBA6C1A2287579D0054C330 /* UI */ = {
			isa = PBXGroup;
			children = (
				BFBA6C32228767150054C330 /* Round Image */,
				BFBA6C1C228757F40054C330 /* Nested Collection */,
				BFBA6C1B228757E10054C330 /* Places Map */,
			);
			path = UI;
			sourceTree = "<group>";
		};
		BFBA6C1B228757E10054C330 /* Places Map */ = {
			isa = PBXGroup;
			children = (
			);
			path = "Places Map";
			sourceTree = "<group>";
		};
		BFBA6C1C228757F40054C330 /* Nested Collection */ = {
			isa = PBXGroup;
			children = (
				BF29F9F92288A2F40015746A /* Classes */,
				BF29F9F82288A2ED0015746A /* Interfaces */,
				BF29F9F72288A2E70015746A /* Protocols */,
			);
			path = "Nested Collection";
			sourceTree = "<group>";
		};
		BFBA6C32228767150054C330 /* Round Image */ = {
			isa = PBXGroup;
			children = (
				BFBA6C33228767240054C330 /* UIRoundImageView.swift */,
			);
			path = "Round Image";
			sourceTree = "<group>";
		};
		BFD6D5C622872AA90020F217 /* Profile */ = {
			isa = PBXGroup;
			children = (
				BFD6D5C722872ABE0020F217 /* ProfileInput.swift */,
				BFD6D5C822872ABE0020F217 /* ProfilePresenter.swift */,
				BFD6D5C922872ABE0020F217 /* ProfileRouter.swift */,
				BFD6D5CA22872ABE0020F217 /* ProfileViewController.swift */,
				BFD6D5CB22872ABE0020F217 /* ProfileProtocols.swift */,
				BFD6D5CC22872ABE0020F217 /* ProfileBuilder.swift */,
				BFD6D5CD22872ABE0020F217 /* ProfileInteractor.swift */,
				BFD6D5CE22872ABE0020F217 /* ProfileOutput.swift */,
				BFD6D5CF22872ABE0020F217 /* ProfileViewModel.swift */,
				BFBA6C172287544F0054C330 /* Profile.storyboard */,
			);
			path = Profile;
			sourceTree = "<group>";
		};
		BFD6D5EF22872B210020F217 /* Implementations */ = {
			isa = PBXGroup;
			children = (
				BFBA6C19228757960054C330 /* Components */,
				BFBA6BDA2287525B0054C330 /* Extensions */,
			);
			path = Implementations;
			sourceTree = "<group>";
		};
		BFD6D5F022872BAC0020F217 /* Utilities */ = {
			isa = PBXGroup;
			children = (
				BFD6D60622872BF60020F217 /* Interface Builder */,
				BFD6D5F122872BB10020F217 /* Networking */,
			);
			path = Utilities;
			sourceTree = "<group>";
		};
		BFD6D5F122872BB10020F217 /* Networking */ = {
			isa = PBXGroup;
			children = (
				BFD6D5FA22872BDA0020F217 /* Networking.swift */,
				BFD6D5F622872BDA0020F217 /* NetworkingError.swift */,
				BFD6D5F522872BDA0020F217 /* NetworkingHelper.swift */,
				BFD6D5FB22872BDA0020F217 /* NetworkingRequest.swift */,
				BFD6D5F722872BDA0020F217 /* NetworkingRequestBody.swift */,
				BFD6D5F422872BDA0020F217 /* NetworkingRequestBodyEncodingType.swift */,
				BFD6D5F322872BDA0020F217 /* NetworkingRequestHTTPMethod.swift */,
				BFD6D5F222872BDA0020F217 /* NetworkingRequestValidation.swift */,
				BFD6D5F822872BDA0020F217 /* NetworkingResponse.swift */,
				BFD6D5F922872BDA0020F217 /* NetworkingService.swift */,
			);
			path = Networking;
			sourceTree = "<group>";
		};
		BFD6D60622872BF60020F217 /* Interface Builder */ = {
			isa = PBXGroup;
			children = (
				BFD6D60722872C030020F217 /* Segue */,
				BFD6D60822872C080020F217 /* Storyboard */,
				BFD6D60922872C0D0020F217 /* XIB */,
			);
			path = "Interface Builder";
			sourceTree = "<group>";
		};
		BFD6D60722872C030020F217 /* Segue */ = {
			isa = PBXGroup;
			children = (
				BFD6D60A22872C170020F217 /* SegueIdentifiable.swift */,
				BFD6D60B22872C170020F217 /* SegueIdentifiable+UIViewController.swift */,
			);
			path = Segue;
			sourceTree = "<group>";
		};
		BFD6D60822872C080020F217 /* Storyboard */ = {
			isa = PBXGroup;
			children = (
				BFD6D61322872C220020F217 /* StoryboardIdentifiable.swift */,
				BFD6D61122872C220020F217 /* StoryboardIdentifiable+Self.swift */,
				BFD6D61522872C220020F217 /* UICollectionReusableView+StoryboardIdentifiable.swift */,
				BFD6D61422872C220020F217 /* UICollectionView+StoryboardIdentifiable.swift */,
				BFD6D61022872C210020F217 /* UIStoryboard+StoryboardIdentifiable.swift */,
				BFD6D60E22872C210020F217 /* UIStoryboardSegue+StoryboardIdentifiable.swift */,
				BFD6D61622872C220020F217 /* UITableView+StoryboardIdentifiable.swift */,
				BFD6D61222872C220020F217 /* UITableViewCell+StoryboardIdentifiable.swift */,
				BFD6D60F22872C210020F217 /* UIViewController+StoryboardIdentifiable.swift */,
			);
			path = Storyboard;
			sourceTree = "<group>";
		};
		BFD6D60922872C0D0020F217 /* XIB */ = {
			isa = PBXGroup;
			children = (
				BFD6D62022872C2C0020F217 /* XIBIdentifiable.swift */,
				BFD6D62322872C2C0020F217 /* XIBIdentifiable+Self.swift */,
				BFD6D62222872C2C0020F217 /* XIBView.swift */,
				BFD6D62122872C2C0020F217 /* XIBView+XIBIdentifiable.swift */,
			);
			path = XIB;
			sourceTree = "<group>";
		};
		BFF506782286423B00CA5B0B = {
			isa = PBXGroup;
			children = (
				BFBA6BE9228753100054C330 /* Documents */,
				BFF506832286423B00CA5B0B /* Source */,
				BFF5069B2286423C00CA5B0B /* PlacesTests */,
				BFF506A62286423C00CA5B0B /* PlacesUITests */,
				BFF506822286423B00CA5B0B /* Products */,
			);
			sourceTree = "<group>";
		};
		BFF506822286423B00CA5B0B /* Products */ = {
			isa = PBXGroup;
			children = (
				BFF506812286423B00CA5B0B /* Places.app */,
				BFF506982286423C00CA5B0B /* PlacesTests.xctest */,
				BFF506A32286423C00CA5B0B /* PlacesUITests.xctest */,
			);
			name = Products;
			sourceTree = "<group>";
		};
		BFF506832286423B00CA5B0B /* Source */ = {
			isa = PBXGroup;
			children = (
				BFF506B52286435F00CA5B0B /* Application */,
				BFD6D5EF22872B210020F217 /* Implementations */,
				BFF506B82286438E00CA5B0B /* Storages */,
				BFD6D5F022872BAC0020F217 /* Utilities */,
			);
			path = Source;
			sourceTree = "<group>";
		};
		BFF5069B2286423C00CA5B0B /* PlacesTests */ = {
			isa = PBXGroup;
			children = (
				BFF5069C2286423C00CA5B0B /* PlacesTests.swift */,
				BFF5069E2286423C00CA5B0B /* Info.plist */,
			);
			path = PlacesTests;
			sourceTree = "<group>";
		};
		BFF506A62286423C00CA5B0B /* PlacesUITests */ = {
			isa = PBXGroup;
			children = (
				BFF506A72286423C00CA5B0B /* PlacesUITests.swift */,
				BFF506A92286423C00CA5B0B /* Info.plist */,
			);
			path = PlacesUITests;
			sourceTree = "<group>";
		};
		BFF506B52286435F00CA5B0B /* Application */ = {
			isa = PBXGroup;
			children = (
				BFF506842286423B00CA5B0B /* AppDelegate.swift */,
				BF599E2022871FAA00B68163 /* App Launch */,
				BFBA6BEC228753E70054C330 /* Home */,
				BFD6D5C622872AA90020F217 /* Profile */,
			);
			path = Application;
			sourceTree = "<group>";
		};
		BFF506B82286438E00CA5B0B /* Storages */ = {
			isa = PBXGroup;
			children = (
				BFF5068B2286423B00CA5B0B /* Places.xcdatamodeld */,
				BFF506932286423C00CA5B0B /* Info.plist */,
				BFF5068E2286423C00CA5B0B /* Assets.xcassets */,
			);
			path = Storages;
			sourceTree = "<group>";
		};
/* End PBXGroup section */

/* Begin PBXNativeTarget section */
		BFF506802286423B00CA5B0B /* Places */ = {
			isa = PBXNativeTarget;
			buildConfigurationList = BFF506AC2286423C00CA5B0B /* Build configuration list for PBXNativeTarget "Places" */;
			buildPhases = (
				BFF5067D2286423B00CA5B0B /* Sources */,
				BFF5067E2286423B00CA5B0B /* Frameworks */,
				BFF5067F2286423B00CA5B0B /* Resources */,
			);
			buildRules = (
			);
			dependencies = (
			);
			name = Places;
			productName = Places;
			productReference = BFF506812286423B00CA5B0B /* Places.app */;
			productType = "com.apple.product-type.application";
		};
		BFF506972286423C00CA5B0B /* PlacesTests */ = {
			isa = PBXNativeTarget;
			buildConfigurationList = BFF506AF2286423C00CA5B0B /* Build configuration list for PBXNativeTarget "PlacesTests" */;
			buildPhases = (
				BFF506942286423C00CA5B0B /* Sources */,
				BFF506952286423C00CA5B0B /* Frameworks */,
				BFF506962286423C00CA5B0B /* Resources */,
			);
			buildRules = (
			);
			dependencies = (
				BFF5069A2286423C00CA5B0B /* PBXTargetDependency */,
			);
			name = PlacesTests;
			productName = PlacesTests;
			productReference = BFF506982286423C00CA5B0B /* PlacesTests.xctest */;
			productType = "com.apple.product-type.bundle.unit-test";
		};
		BFF506A22286423C00CA5B0B /* PlacesUITests */ = {
			isa = PBXNativeTarget;
			buildConfigurationList = BFF506B22286423C00CA5B0B /* Build configuration list for PBXNativeTarget "PlacesUITests" */;
			buildPhases = (
				BFF5069F2286423C00CA5B0B /* Sources */,
				BFF506A02286423C00CA5B0B /* Frameworks */,
				BFF506A12286423C00CA5B0B /* Resources */,
			);
			buildRules = (
			);
			dependencies = (
				BFF506A52286423C00CA5B0B /* PBXTargetDependency */,
			);
			name = PlacesUITests;
			productName = PlacesUITests;
			productReference = BFF506A32286423C00CA5B0B /* PlacesUITests.xctest */;
			productType = "com.apple.product-type.bundle.ui-testing";
		};
/* End PBXNativeTarget section */

/* Begin PBXProject section */
		BFF506792286423B00CA5B0B /* Project object */ = {
			isa = PBXProject;
			attributes = {
				LastSwiftUpdateCheck = 1020;
				LastUpgradeCheck = 1020;
				ORGANIZATIONNAME = christianampe;
				TargetAttributes = {
					BFF506802286423B00CA5B0B = {
						CreatedOnToolsVersion = 10.2.1;
					};
					BFF506972286423C00CA5B0B = {
						CreatedOnToolsVersion = 10.2.1;
						TestTargetID = BFF506802286423B00CA5B0B;
					};
					BFF506A22286423C00CA5B0B = {
						CreatedOnToolsVersion = 10.2.1;
						TestTargetID = BFF506802286423B00CA5B0B;
					};
				};
			};
			buildConfigurationList = BFF5067C2286423B00CA5B0B /* Build configuration list for PBXProject "Places" */;
			compatibilityVersion = "Xcode 9.3";
			developmentRegion = en;
			hasScannedForEncodings = 0;
			knownRegions = (
				en,
				Base,
			);
			mainGroup = BFF506782286423B00CA5B0B;
			productRefGroup = BFF506822286423B00CA5B0B /* Products */;
			projectDirPath = "";
			projectRoot = "";
			targets = (
				BFF506802286423B00CA5B0B /* Places */,
				BFF506972286423C00CA5B0B /* PlacesTests */,
				BFF506A22286423C00CA5B0B /* PlacesUITests */,
			);
		};
/* End PBXProject section */

/* Begin PBXResourcesBuildPhase section */
		BFF5067F2286423B00CA5B0B /* Resources */ = {
			isa = PBXResourcesBuildPhase;
			buildActionMask = 2147483647;
			files = (
				BFF506922286423C00CA5B0B /* AppLaunch.storyboard in Resources */,
				BFBA6BEB2287531D0054C330 /* Assignment.pdf in Resources */,
				BFBA6C182287544F0054C330 /* Profile.storyboard in Resources */,
				BFBA6C1E228758500054C330 /* UINestedCollectionView.xib in Resources */,
				BFBA6C2E22875AE80054C330 /* UINestedCollectionViewColumnCell.xib in Resources */,
				BFF5068F2286423C00CA5B0B /* Assets.xcassets in Resources */,
				BFBA6C24228759BF0054C330 /* UINestedCollectionViewRowCell.xib in Resources */,
				BFBA6C16228754420054C330 /* Home.storyboard in Resources */,
			);
			runOnlyForDeploymentPostprocessing = 0;
		};
		BFF506962286423C00CA5B0B /* Resources */ = {
			isa = PBXResourcesBuildPhase;
			buildActionMask = 2147483647;
			files = (
			);
			runOnlyForDeploymentPostprocessing = 0;
		};
		BFF506A12286423C00CA5B0B /* Resources */ = {
			isa = PBXResourcesBuildPhase;
			buildActionMask = 2147483647;
			files = (
			);
			runOnlyForDeploymentPostprocessing = 0;
		};
/* End PBXResourcesBuildPhase section */

/* Begin PBXSourcesBuildPhase section */
		BFF5067D2286423B00CA5B0B /* Sources */ = {
			isa = PBXSourcesBuildPhase;
			buildActionMask = 2147483647;
			files = (
				BF29F9F6228899730015746A /* UINestedCollectionViewDataSource.swift in Sources */,
				BFD6D5FF22872BDA0020F217 /* NetworkingHelper.swift in Sources */,
				BFBA6BE3228752680054C330 /* UIImage+Additions.swift in Sources */,
				BFD6D62722872C2C0020F217 /* XIBIdentifiable+Self.swift in Sources */,
				BFD6D60522872BDA0020F217 /* NetworkingRequest.swift in Sources */,
				BFBA6C26228759CA0054C330 /* UINestedCollectionViewRowCell.swift in Sources */,
				BFD6D5D422872ABE0020F217 /* ProfileViewController.swift in Sources */,
				BFD6D61A22872C220020F217 /* StoryboardIdentifiable+Self.swift in Sources */,
				BFD6D60122872BDA0020F217 /* NetworkingRequestBody.swift in Sources */,
				BFD6D60022872BDA0020F217 /* NetworkingError.swift in Sources */,
				BFBA6BE2228752680054C330 /* UIStoryboard+Identifiers.swift in Sources */,
				BFD6D61E22872C220020F217 /* UICollectionReusableView+StoryboardIdentifiable.swift in Sources */,
				BFD6D5D122872ABE0020F217 /* ProfileInput.swift in Sources */,
				BFBA6C0B228754360054C330 /* HomeInput.swift in Sources */,
				BFBA6C10228754360054C330 /* HomeBuilder.swift in Sources */,
				BFD6D5FE22872BDA0020F217 /* NetworkingRequestBodyEncodingType.swift in Sources */,
				BFBA6BE5228752680054C330 /* Array++.swift in Sources */,
				BFBA6C12228754360054C330 /* HomeOutput.swift in Sources */,
				BFD6D5D822872ABE0020F217 /* ProfileOutput.swift in Sources */,
				BFD6D62622872C2C0020F217 /* XIBView.swift in Sources */,
				BFBA6C3622876A830054C330 /* UINestedCollectionViewRowCellViewModel.swift in Sources */,
				BFF506852286423B00CA5B0B /* AppDelegate.swift in Sources */,
				BFD6D5FC22872BDA0020F217 /* NetworkingRequestValidation.swift in Sources */,
				BF29F9FB2288A8980015746A /* HomePlaceCellViewModel.swift in Sources */,
				BFD6D5D222872ABE0020F217 /* ProfilePresenter.swift in Sources */,
				BF29F9FD2288B1DD0015746A /* CALayer+Additions.swift in Sources */,
				BFD6D62422872C2C0020F217 /* XIBIdentifiable.swift in Sources */,
				BFF5068D2286423B00CA5B0B /* Places.xcdatamodeld in Sources */,
				BFBA6BE7228752680054C330 /* UINavigationBar+Additions.swift in Sources */,
				BFBA6C34228767240054C330 /* UIRoundImageView.swift in Sources */,
				BFD6D61822872C220020F217 /* UIViewController+StoryboardIdentifiable.swift in Sources */,
				BFBA6BE8228752680054C330 /* URL++.swift in Sources */,
				BFD6D60422872BDA0020F217 /* Networking.swift in Sources */,
				BFD6D61722872C220020F217 /* UIStoryboardSegue+StoryboardIdentifiable.swift in Sources */,
				BFD6D61C22872C220020F217 /* StoryboardIdentifiable.swift in Sources */,
				BFD6D60C22872C170020F217 /* SegueIdentifiable.swift in Sources */,
				BFD6D60D22872C170020F217 /* SegueIdentifiable+UIViewController.swift in Sources */,
				BFBA6C0E228754360054C330 /* HomeViewController.swift in Sources */,
				BFD6D5D322872ABE0020F217 /* ProfileRouter.swift in Sources */,
				BFD6D5D922872ABE0020F217 /* ProfileViewModel.swift in Sources */,
				BFBA6C13228754360054C330 /* HomeViewModel.swift in Sources */,
				BFD6D5D522872ABE0020F217 /* ProfileProtocols.swift in Sources */,
				BFD6D60222872BDA0020F217 /* NetworkingResponse.swift in Sources */,
				BFD6D61F22872C220020F217 /* UITableView+StoryboardIdentifiable.swift in Sources */,
				BFBA6C0D228754360054C330 /* HomeRouter.swift in Sources */,
				BFBA6C202287585A0054C330 /* UINestedCollectionView.swift in Sources */,
				BFD6D62522872C2C0020F217 /* XIBView+XIBIdentifiable.swift in Sources */,
				BFD6D60322872BDA0020F217 /* NetworkingService.swift in Sources */,
				BFBA6BE6228752680054C330 /* UIImageView+Additions.swift in Sources */,
				BFD6D5D722872ABE0020F217 /* ProfileInteractor.swift in Sources */,
				BFBA6C11228754360054C330 /* HomeInteractor.swift in Sources */,
				BFD6D61D22872C220020F217 /* UICollectionView+StoryboardIdentifiable.swift in Sources */,
				BFD6D61B22872C220020F217 /* UITableViewCell+StoryboardIdentifiable.swift in Sources */,
				BFBA6C0F228754360054C330 /* HomeProtocols.swift in Sources */,
				BFD6D61922872C220020F217 /* UIStoryboard+StoryboardIdentifiable.swift in Sources */,
				BFD6D5D622872ABE0020F217 /* ProfileBuilder.swift in Sources */,
				BFD6D5FD22872BDA0020F217 /* NetworkingRequestHTTPMethod.swift in Sources */,
				BF29F9F42288995B0015746A /* UINestedCollectionViewDelegate.swift in Sources */,
				BFBA6C0C228754360054C330 /* HomePresenter.swift in Sources */,
				BFBA6C3022875AF90054C330 /* UINestedCollectionViewColumnCell.swift in Sources */,
			);
			runOnlyForDeploymentPostprocessing = 0;
		};
		BFF506942286423C00CA5B0B /* Sources */ = {
			isa = PBXSourcesBuildPhase;
			buildActionMask = 2147483647;
			files = (
				BFF5069D2286423C00CA5B0B /* PlacesTests.swift in Sources */,
			);
			runOnlyForDeploymentPostprocessing = 0;
		};
		BFF5069F2286423C00CA5B0B /* Sources */ = {
			isa = PBXSourcesBuildPhase;
			buildActionMask = 2147483647;
			files = (
				BFF506A82286423C00CA5B0B /* PlacesUITests.swift in Sources */,
			);
			runOnlyForDeploymentPostprocessing = 0;
		};
/* End PBXSourcesBuildPhase section */

/* Begin PBXTargetDependency section */
		BFF5069A2286423C00CA5B0B /* PBXTargetDependency */ = {
			isa = PBXTargetDependency;
			target = BFF506802286423B00CA5B0B /* Places */;
			targetProxy = BFF506992286423C00CA5B0B /* PBXContainerItemProxy */;
		};
		BFF506A52286423C00CA5B0B /* PBXTargetDependency */ = {
			isa = PBXTargetDependency;
			target = BFF506802286423B00CA5B0B /* Places */;
			targetProxy = BFF506A42286423C00CA5B0B /* PBXContainerItemProxy */;
		};
/* End PBXTargetDependency section */

/* Begin PBXVariantGroup section */
		BFF506902286423C00CA5B0B /* AppLaunch.storyboard */ = {
			isa = PBXVariantGroup;
			children = (
				BFF506912286423C00CA5B0B /* Base */,
			);
			name = AppLaunch.storyboard;
			sourceTree = "<group>";
		};
/* End PBXVariantGroup section */

/* Begin XCBuildConfiguration section */
		BFF506AA2286423C00CA5B0B /* Debug */ = {
			isa = XCBuildConfiguration;
			buildSettings = {
				ALWAYS_SEARCH_USER_PATHS = NO;
				CLANG_ANALYZER_NONNULL = YES;
				CLANG_ANALYZER_NUMBER_OBJECT_CONVERSION = YES_AGGRESSIVE;
				CLANG_CXX_LANGUAGE_STANDARD = "gnu++14";
				CLANG_CXX_LIBRARY = "libc++";
				CLANG_ENABLE_MODULES = YES;
				CLANG_ENABLE_OBJC_ARC = YES;
				CLANG_ENABLE_OBJC_WEAK = YES;
				CLANG_WARN_BLOCK_CAPTURE_AUTORELEASING = YES;
				CLANG_WARN_BOOL_CONVERSION = YES;
				CLANG_WARN_COMMA = YES;
				CLANG_WARN_CONSTANT_CONVERSION = YES;
				CLANG_WARN_DEPRECATED_OBJC_IMPLEMENTATIONS = YES;
				CLANG_WARN_DIRECT_OBJC_ISA_USAGE = YES_ERROR;
				CLANG_WARN_DOCUMENTATION_COMMENTS = YES;
				CLANG_WARN_EMPTY_BODY = YES;
				CLANG_WARN_ENUM_CONVERSION = YES;
				CLANG_WARN_INFINITE_RECURSION = YES;
				CLANG_WARN_INT_CONVERSION = YES;
				CLANG_WARN_NON_LITERAL_NULL_CONVERSION = YES;
				CLANG_WARN_OBJC_IMPLICIT_RETAIN_SELF = YES;
				CLANG_WARN_OBJC_LITERAL_CONVERSION = YES;
				CLANG_WARN_OBJC_ROOT_CLASS = YES_ERROR;
				CLANG_WARN_RANGE_LOOP_ANALYSIS = YES;
				CLANG_WARN_STRICT_PROTOTYPES = YES;
				CLANG_WARN_SUSPICIOUS_MOVE = YES;
				CLANG_WARN_UNGUARDED_AVAILABILITY = YES_AGGRESSIVE;
				CLANG_WARN_UNREACHABLE_CODE = YES;
				CLANG_WARN__DUPLICATE_METHOD_MATCH = YES;
				CODE_SIGN_IDENTITY = "iPhone Developer";
				COPY_PHASE_STRIP = NO;
				DEBUG_INFORMATION_FORMAT = dwarf;
				ENABLE_STRICT_OBJC_MSGSEND = YES;
				ENABLE_TESTABILITY = YES;
				GCC_C_LANGUAGE_STANDARD = gnu11;
				GCC_DYNAMIC_NO_PIC = NO;
				GCC_NO_COMMON_BLOCKS = YES;
				GCC_OPTIMIZATION_LEVEL = 0;
				GCC_PREPROCESSOR_DEFINITIONS = (
					"DEBUG=1",
					"$(inherited)",
				);
				GCC_WARN_64_TO_32_BIT_CONVERSION = YES;
				GCC_WARN_ABOUT_RETURN_TYPE = YES_ERROR;
				GCC_WARN_UNDECLARED_SELECTOR = YES;
				GCC_WARN_UNINITIALIZED_AUTOS = YES_AGGRESSIVE;
				GCC_WARN_UNUSED_FUNCTION = YES;
				GCC_WARN_UNUSED_VARIABLE = YES;
				IPHONEOS_DEPLOYMENT_TARGET = 12.2;
				MTL_ENABLE_DEBUG_INFO = INCLUDE_SOURCE;
				MTL_FAST_MATH = YES;
				ONLY_ACTIVE_ARCH = YES;
				SDKROOT = iphoneos;
				SWIFT_ACTIVE_COMPILATION_CONDITIONS = DEBUG;
				SWIFT_OPTIMIZATION_LEVEL = "-Onone";
			};
			name = Debug;
		};
		BFF506AB2286423C00CA5B0B /* Release */ = {
			isa = XCBuildConfiguration;
			buildSettings = {
				ALWAYS_SEARCH_USER_PATHS = NO;
				CLANG_ANALYZER_NONNULL = YES;
				CLANG_ANALYZER_NUMBER_OBJECT_CONVERSION = YES_AGGRESSIVE;
				CLANG_CXX_LANGUAGE_STANDARD = "gnu++14";
				CLANG_CXX_LIBRARY = "libc++";
				CLANG_ENABLE_MODULES = YES;
				CLANG_ENABLE_OBJC_ARC = YES;
				CLANG_ENABLE_OBJC_WEAK = YES;
				CLANG_WARN_BLOCK_CAPTURE_AUTORELEASING = YES;
				CLANG_WARN_BOOL_CONVERSION = YES;
				CLANG_WARN_COMMA = YES;
				CLANG_WARN_CONSTANT_CONVERSION = YES;
				CLANG_WARN_DEPRECATED_OBJC_IMPLEMENTATIONS = YES;
				CLANG_WARN_DIRECT_OBJC_ISA_USAGE = YES_ERROR;
				CLANG_WARN_DOCUMENTATION_COMMENTS = YES;
				CLANG_WARN_EMPTY_BODY = YES;
				CLANG_WARN_ENUM_CONVERSION = YES;
				CLANG_WARN_INFINITE_RECURSION = YES;
				CLANG_WARN_INT_CONVERSION = YES;
				CLANG_WARN_NON_LITERAL_NULL_CONVERSION = YES;
				CLANG_WARN_OBJC_IMPLICIT_RETAIN_SELF = YES;
				CLANG_WARN_OBJC_LITERAL_CONVERSION = YES;
				CLANG_WARN_OBJC_ROOT_CLASS = YES_ERROR;
				CLANG_WARN_RANGE_LOOP_ANALYSIS = YES;
				CLANG_WARN_STRICT_PROTOTYPES = YES;
				CLANG_WARN_SUSPICIOUS_MOVE = YES;
				CLANG_WARN_UNGUARDED_AVAILABILITY = YES_AGGRESSIVE;
				CLANG_WARN_UNREACHABLE_CODE = YES;
				CLANG_WARN__DUPLICATE_METHOD_MATCH = YES;
				CODE_SIGN_IDENTITY = "iPhone Developer";
				COPY_PHASE_STRIP = NO;
				DEBUG_INFORMATION_FORMAT = "dwarf-with-dsym";
				ENABLE_NS_ASSERTIONS = NO;
				ENABLE_STRICT_OBJC_MSGSEND = YES;
				GCC_C_LANGUAGE_STANDARD = gnu11;
				GCC_NO_COMMON_BLOCKS = YES;
				GCC_WARN_64_TO_32_BIT_CONVERSION = YES;
				GCC_WARN_ABOUT_RETURN_TYPE = YES_ERROR;
				GCC_WARN_UNDECLARED_SELECTOR = YES;
				GCC_WARN_UNINITIALIZED_AUTOS = YES_AGGRESSIVE;
				GCC_WARN_UNUSED_FUNCTION = YES;
				GCC_WARN_UNUSED_VARIABLE = YES;
				IPHONEOS_DEPLOYMENT_TARGET = 12.2;
				MTL_ENABLE_DEBUG_INFO = NO;
				MTL_FAST_MATH = YES;
				SDKROOT = iphoneos;
				SWIFT_COMPILATION_MODE = wholemodule;
				SWIFT_OPTIMIZATION_LEVEL = "-O";
				VALIDATE_PRODUCT = YES;
			};
			name = Release;
		};
		BFF506AD2286423C00CA5B0B /* Debug */ = {
			isa = XCBuildConfiguration;
			buildSettings = {
				ASSETCATALOG_COMPILER_APPICON_NAME = AppIcon;
				CODE_SIGN_IDENTITY = "iPhone Developer";
				CODE_SIGN_STYLE = Automatic;
				DEVELOPMENT_TEAM = 8T6KWW939D;
				INFOPLIST_FILE = "$(SRCROOT)/Source/Storages/Info.plist";
				LD_RUNPATH_SEARCH_PATHS = (
					"$(inherited)",
					"@executable_path/Frameworks",
				);
				PRODUCT_BUNDLE_IDENTIFIER = com.christianampe.Places;
				PRODUCT_NAME = "$(TARGET_NAME)";
				PROVISIONING_PROFILE_SPECIFIER = "";
				SWIFT_VERSION = 5.0;
				TARGETED_DEVICE_FAMILY = "1,2";
			};
			name = Debug;
		};
		BFF506AE2286423C00CA5B0B /* Release */ = {
			isa = XCBuildConfiguration;
			buildSettings = {
				ASSETCATALOG_COMPILER_APPICON_NAME = AppIcon;
				CODE_SIGN_IDENTITY = "iPhone Developer";
				CODE_SIGN_STYLE = Automatic;
				DEVELOPMENT_TEAM = 8T6KWW939D;
				INFOPLIST_FILE = "$(SRCROOT)/Source/Storages/Info.plist";
				LD_RUNPATH_SEARCH_PATHS = (
					"$(inherited)",
					"@executable_path/Frameworks",
				);
				PRODUCT_BUNDLE_IDENTIFIER = com.christianampe.Places;
				PRODUCT_NAME = "$(TARGET_NAME)";
				PROVISIONING_PROFILE_SPECIFIER = "";
				SWIFT_VERSION = 5.0;
				TARGETED_DEVICE_FAMILY = "1,2";
			};
			name = Release;
		};
		BFF506B02286423C00CA5B0B /* Debug */ = {
			isa = XCBuildConfiguration;
			buildSettings = {
				ALWAYS_EMBED_SWIFT_STANDARD_LIBRARIES = YES;
				BUNDLE_LOADER = "$(TEST_HOST)";
				CODE_SIGN_STYLE = Automatic;
				DEVELOPMENT_TEAM = 8T6KWW939D;
				INFOPLIST_FILE = PlacesTests/Info.plist;
				LD_RUNPATH_SEARCH_PATHS = (
					"$(inherited)",
					"@executable_path/Frameworks",
					"@loader_path/Frameworks",
				);
				PRODUCT_BUNDLE_IDENTIFIER = com.christianampe.PlacesTests;
				PRODUCT_NAME = "$(TARGET_NAME)";
				SWIFT_VERSION = 5.0;
				TARGETED_DEVICE_FAMILY = "1,2";
				TEST_HOST = "$(BUILT_PRODUCTS_DIR)/Places.app/Places";
			};
			name = Debug;
		};
		BFF506B12286423C00CA5B0B /* Release */ = {
			isa = XCBuildConfiguration;
			buildSettings = {
				ALWAYS_EMBED_SWIFT_STANDARD_LIBRARIES = YES;
				BUNDLE_LOADER = "$(TEST_HOST)";
				CODE_SIGN_STYLE = Automatic;
				DEVELOPMENT_TEAM = 8T6KWW939D;
				INFOPLIST_FILE = PlacesTests/Info.plist;
				LD_RUNPATH_SEARCH_PATHS = (
					"$(inherited)",
					"@executable_path/Frameworks",
					"@loader_path/Frameworks",
				);
				PRODUCT_BUNDLE_IDENTIFIER = com.christianampe.PlacesTests;
				PRODUCT_NAME = "$(TARGET_NAME)";
				SWIFT_VERSION = 5.0;
				TARGETED_DEVICE_FAMILY = "1,2";
				TEST_HOST = "$(BUILT_PRODUCTS_DIR)/Places.app/Places";
			};
			name = Release;
		};
		BFF506B32286423C00CA5B0B /* Debug */ = {
			isa = XCBuildConfiguration;
			buildSettings = {
				ALWAYS_EMBED_SWIFT_STANDARD_LIBRARIES = YES;
				CODE_SIGN_STYLE = Automatic;
				DEVELOPMENT_TEAM = 8T6KWW939D;
				INFOPLIST_FILE = PlacesUITests/Info.plist;
				LD_RUNPATH_SEARCH_PATHS = (
					"$(inherited)",
					"@executable_path/Frameworks",
					"@loader_path/Frameworks",
				);
				PRODUCT_BUNDLE_IDENTIFIER = com.christianampe.PlacesUITests;
				PRODUCT_NAME = "$(TARGET_NAME)";
				SWIFT_VERSION = 5.0;
				TARGETED_DEVICE_FAMILY = "1,2";
				TEST_TARGET_NAME = Places;
			};
			name = Debug;
		};
		BFF506B42286423C00CA5B0B /* Release */ = {
			isa = XCBuildConfiguration;
			buildSettings = {
				ALWAYS_EMBED_SWIFT_STANDARD_LIBRARIES = YES;
				CODE_SIGN_STYLE = Automatic;
				DEVELOPMENT_TEAM = 8T6KWW939D;
				INFOPLIST_FILE = PlacesUITests/Info.plist;
				LD_RUNPATH_SEARCH_PATHS = (
					"$(inherited)",
					"@executable_path/Frameworks",
					"@loader_path/Frameworks",
				);
				PRODUCT_BUNDLE_IDENTIFIER = com.christianampe.PlacesUITests;
				PRODUCT_NAME = "$(TARGET_NAME)";
				SWIFT_VERSION = 5.0;
				TARGETED_DEVICE_FAMILY = "1,2";
				TEST_TARGET_NAME = Places;
			};
			name = Release;
		};
/* End XCBuildConfiguration section */

/* Begin XCConfigurationList section */
		BFF5067C2286423B00CA5B0B /* Build configuration list for PBXProject "Places" */ = {
			isa = XCConfigurationList;
			buildConfigurations = (
				BFF506AA2286423C00CA5B0B /* Debug */,
				BFF506AB2286423C00CA5B0B /* Release */,
			);
			defaultConfigurationIsVisible = 0;
			defaultConfigurationName = Release;
		};
		BFF506AC2286423C00CA5B0B /* Build configuration list for PBXNativeTarget "Places" */ = {
			isa = XCConfigurationList;
			buildConfigurations = (
				BFF506AD2286423C00CA5B0B /* Debug */,
				BFF506AE2286423C00CA5B0B /* Release */,
			);
			defaultConfigurationIsVisible = 0;
			defaultConfigurationName = Release;
		};
		BFF506AF2286423C00CA5B0B /* Build configuration list for PBXNativeTarget "PlacesTests" */ = {
			isa = XCConfigurationList;
			buildConfigurations = (
				BFF506B02286423C00CA5B0B /* Debug */,
				BFF506B12286423C00CA5B0B /* Release */,
			);
			defaultConfigurationIsVisible = 0;
			defaultConfigurationName = Release;
		};
		BFF506B22286423C00CA5B0B /* Build configuration list for PBXNativeTarget "PlacesUITests" */ = {
			isa = XCConfigurationList;
			buildConfigurations = (
				BFF506B32286423C00CA5B0B /* Debug */,
				BFF506B42286423C00CA5B0B /* Release */,
			);
			defaultConfigurationIsVisible = 0;
			defaultConfigurationName = Release;
		};
/* End XCConfigurationList section */

/* Begin XCVersionGroup section */
		BFF5068B2286423B00CA5B0B /* Places.xcdatamodeld */ = {
			isa = XCVersionGroup;
			children = (
				BFF5068C2286423B00CA5B0B /* Places.xcdatamodel */,
			);
			currentVersion = BFF5068C2286423B00CA5B0B /* Places.xcdatamodel */;
			path = Places.xcdatamodeld;
			sourceTree = "<group>";
			versionGroupType = wrapper.xcdatamodel;
		};
/* End XCVersionGroup section */
	};
	rootObject = BFF506792286423B00CA5B0B /* Project object */;
}
